
Microsoft Visual Studio Solution File, Format Version 12.00
# Visual Studio Version 17
VisualStudioVersion = 17.3.32929.385
MinimumVisualStudioVersion = 10.0.40219.1
Project("{FAE04EC0-301F-11D3-BF4B-00C04F79EFBC}") = "DepMod", "DepMod.csproj", "{4CE3397E-8634-4F1D-B2EF-CD222383853D}"
EndProject
Global
	GlobalSection(SolutionConfigurationPlatforms) = preSolution
		Debug|Any CPU = Debug|Any CPU
		Release|Any CPU = Release|Any CPU
	EndGlobalSection
	GlobalSection(ProjectConfigurationPlatforms) = postSolution
		{4CE3397E-8634-4F1D-B2EF-CD222383853D}.Debug|Any CPU.ActiveCfg = Debug|Any CPU
		{4CE3397E-8634-4F1D-B2EF-CD222383853D}.Debug|Any CPU.Build.0 = Debug|Any CPU
		{4CE3397E-8634-4F1D-B2EF-CD222383853D}.Release|Any CPU.ActiveCfg = Release|Any CPU
		{4CE3397E-8634-4F1D-B2EF-CD222383853D}.Release|Any CPU.Build.0 = Release|Any CPU
	EndGlobalSection
	GlobalSection(SolutionProperties) = preSolution
		HideSolutionNode = FALSE
	EndGlobalSection
	GlobalSection(ExtensibilityGlobals) = postSolution
		SolutionGuid = {4CD7FDFC-5E37-4246-BA8D-6DB66BB2118E}
	EndGlobalSection
EndGlobal
